// !$*UTF8*$!
{
	archiveVersion = 1;
	classes = {
	};
	objectVersion = 50;
	objects = {

/* Begin PBXBuildFile section */
		6C803B9E25014BD90024D7AA /* AppDelegate.swift in Sources */ = {isa = PBXBuildFile; fileRef = 6C803B9D25014BD90024D7AA /* AppDelegate.swift */; };
		6C803BA025014BD90024D7AA /* SceneDelegate.swift in Sources */ = {isa = PBXBuildFile; fileRef = 6C803B9F25014BD90024D7AA /* SceneDelegate.swift */; };
		6C803BA225014BD90024D7AA /* ViewController.swift in Sources */ = {isa = PBXBuildFile; fileRef = 6C803BA125014BD90024D7AA /* ViewController.swift */; };
		6C803BA525014BD90024D7AA /* Main.storyboard in Resources */ = {isa = PBXBuildFile; fileRef = 6C803BA325014BD90024D7AA /* Main.storyboard */; };
		6C803BA725014BDB0024D7AA /* Assets.xcassets in Resources */ = {isa = PBXBuildFile; fileRef = 6C803BA625014BDB0024D7AA /* Assets.xcassets */; };
		6C803BAA25014BDB0024D7AA /* LaunchScreen.storyboard in Resources */ = {isa = PBXBuildFile; fileRef = 6C803BA825014BDB0024D7AA /* LaunchScreen.storyboard */; };
		6C803BB525014BDB0024D7AA /* flixsterTests.swift in Sources */ = {isa = PBXBuildFile; fileRef = 6C803BB425014BDB0024D7AA /* flixsterTests.swift */; };
		6C803BC025014BDB0024D7AA /* flixsterUITests.swift in Sources */ = {isa = PBXBuildFile; fileRef = 6C803BBF25014BDB0024D7AA /* flixsterUITests.swift */; };
/* End PBXBuildFile section */

/* Begin PBXContainerItemProxy section */
		6C803BB125014BDB0024D7AA /* PBXContainerItemProxy */ = {
			isa = PBXContainerItemProxy;
			containerPortal = 6C803B9225014BD90024D7AA /* Project object */;
			proxyType = 1;
			remoteGlobalIDString = 6C803B9925014BD90024D7AA;
			remoteInfo = flixster;
		};
		6C803BBC25014BDB0024D7AA /* PBXContainerItemProxy */ = {
			isa = PBXContainerItemProxy;
			containerPortal = 6C803B9225014BD90024D7AA /* Project object */;
			proxyType = 1;
			remoteGlobalIDString = 6C803B9925014BD90024D7AA;
			remoteInfo = flixster;
		};
/* End PBXContainerItemProxy section */

/* Begin PBXFileReference section */
		6C803B9A25014BD90024D7AA /* flixster.app */ = {isa = PBXFileReference; explicitFileType = wrapper.application; includeInIndex = 0; path = flixster.app; sourceTree = BUILT_PRODUCTS_DIR; };
		6C803B9D25014BD90024D7AA /* AppDelegate.swift */ = {isa = PBXFileReference; lastKnownFileType = sourcecode.swift; path = AppDelegate.swift; sourceTree = "<group>"; };
		6C803B9F25014BD90024D7AA /* SceneDelegate.swift */ = {isa = PBXFileReference; lastKnownFileType = sourcecode.swift; path = SceneDelegate.swift; sourceTree = "<group>"; };
		6C803BA125014BD90024D7AA /* ViewController.swift */ = {isa = PBXFileReference; lastKnownFileType = sourcecode.swift; path = ViewController.swift; sourceTree = "<group>"; };
		6C803BA425014BD90024D7AA /* Base */ = {isa = PBXFileReference; lastKnownFileType = file.storyboard; name = Base; path = Base.lproj/Main.storyboard; sourceTree = "<group>"; };
		6C803BA625014BDB0024D7AA /* Assets.xcassets */ = {isa = PBXFileReference; lastKnownFileType = folder.assetcatalog; path = Assets.xcassets; sourceTree = "<group>"; };
		6C803BA925014BDB0024D7AA /* Base */ = {isa = PBXFileReference; lastKnownFileType = file.storyboard; name = Base; path = Base.lproj/LaunchScreen.storyboard; sourceTree = "<group>"; };
		6C803BAB25014BDB0024D7AA /* Info.plist */ = {isa = PBXFileReference; lastKnownFileType = text.plist.xml; path = Info.plist; sourceTree = "<group>"; };
		6C803BB025014BDB0024D7AA /* flixsterTests.xctest */ = {isa = PBXFileReference; explicitFileType = wrapper.cfbundle; includeInIndex = 0; path = flixsterTests.xctest; sourceTree = BUILT_PRODUCTS_DIR; };
		6C803BB425014BDB0024D7AA /* flixsterTests.swift */ = {isa = PBXFileReference; lastKnownFileType = sourcecode.swift; path = flixsterTests.swift; sourceTree = "<group>"; };
		6C803BB625014BDB0024D7AA /* Info.plist */ = {isa = PBXFileReference; lastKnownFileType = text.plist.xml; path = Info.plist; sourceTree = "<group>"; };
		6C803BBB25014BDB0024D7AA /* flixsterUITests.xctest */ = {isa = PBXFileReference; explicitFileType = wrapper.cfbundle; includeInIndex = 0; path = flixsterUITests.xctest; sourceTree = BUILT_PRODUCTS_DIR; };
		6C803BBF25014BDB0024D7AA /* flixsterUITests.swift */ = {isa = PBXFileReference; lastKnownFileType = sourcecode.swift; path = flixsterUITests.swift; sourceTree = "<group>"; };
		6C803BC125014BDB0024D7AA /* Info.plist */ = {isa = PBXFileReference; lastKnownFileType = text.plist.xml; path = Info.plist; sourceTree = "<group>"; };
/* End PBXFileReference section */

/* Begin PBXFrameworksBuildPhase section */
		6C803B9725014BD90024D7AA /* Frameworks */ = {
			isa = PBXFrameworksBuildPhase;
			buildActionMask = 2147483647;
			files = (
			);
			runOnlyForDeploymentPostprocessing = 0;
		};
		6C803BAD25014BDB0024D7AA /* Frameworks */ = {
			isa = PBXFrameworksBuildPhase;
			buildActionMask = 2147483647;
			files = (
			);
			runOnlyForDeploymentPostprocessing = 0;
		};
		6C803BB825014BDB0024D7AA /* Frameworks */ = {
			isa = PBXFrameworksBuildPhase;
			buildActionMask = 2147483647;
			files = (
			);
			runOnlyForDeploymentPostprocessing = 0;
		};
/* End PBXFrameworksBuildPhase section */

/* Begin PBXGroup section */
		6C803B9125014BD90024D7AA = {
			isa = PBXGroup;
			children = (
				6C803B9C25014BD90024D7AA /* flixster */,
				6C803BB325014BDB0024D7AA /* flixsterTests */,
				6C803BBE25014BDB0024D7AA /* flixsterUITests */,
				6C803B9B25014BD90024D7AA /* Products */,
			);
			sourceTree = "<group>";
		};
		6C803B9B25014BD90024D7AA /* Products */ = {
			isa = PBXGroup;
			children = (
				6C803B9A25014BD90024D7AA /* flixster.app */,
				6C803BB025014BDB0024D7AA /* flixsterTests.xctest */,
				6C803BBB25014BDB0024D7AA /* flixsterUITests.xctest */,
			);
			name = Products;
			sourceTree = "<group>";
		};
		6C803B9C25014BD90024D7AA /* flixster */ = {
			isa = PBXGroup;
			children = (
				6C803B9D25014BD90024D7AA /* AppDelegate.swift */,
				6C803B9F25014BD90024D7AA /* SceneDelegate.swift */,
				6C803BA125014BD90024D7AA /* ViewController.swift */,
				6C803BA325014BD90024D7AA /* Main.storyboard */,
				6C803BA625014BDB0024D7AA /* Assets.xcassets */,
				6C803BA825014BDB0024D7AA /* LaunchScreen.storyboard */,
				6C803BAB25014BDB0024D7AA /* Info.plist */,
			);
			path = flixster;
			sourceTree = "<group>";
		};
		6C803BB325014BDB0024D7AA /* flixsterTests */ = {
			isa = PBXGroup;
			children = (
				6C803BB425014BDB0024D7AA /* flixsterTests.swift */,
				6C803BB625014BDB0024D7AA /* Info.plist */,
			);
			path = flixsterTests;
			sourceTree = "<group>";
		};
		6C803BBE25014BDB0024D7AA /* flixsterUITests */ = {
			isa = PBXGroup;
			children = (
				6C803BBF25014BDB0024D7AA /* flixsterUITests.swift */,
				6C803BC125014BDB0024D7AA /* Info.plist */,
			);
			path = flixsterUITests;
			sourceTree = "<group>";
		};
/* End PBXGroup section */

/* Begin PBXNativeTarget section */
		6C803B9925014BD90024D7AA /* flixster */ = {
			isa = PBXNativeTarget;
			buildConfigurationList = 6C803BC425014BDB0024D7AA /* Build configuration list for PBXNativeTarget "flixster" */;
			buildPhases = (
				6C803B9625014BD90024D7AA /* Sources */,
				6C803B9725014BD90024D7AA /* Frameworks */,
				6C803B9825014BD90024D7AA /* Resources */,
			);
			buildRules = (
			);
			dependencies = (
			);
			name = flixster;
			productName = flixster;
			productReference = 6C803B9A25014BD90024D7AA /* flixster.app */;
			productType = "com.apple.product-type.application";
		};
		6C803BAF25014BDB0024D7AA /* flixsterTests */ = {
			isa = PBXNativeTarget;
			buildConfigurationList = 6C803BC725014BDB0024D7AA /* Build configuration list for PBXNativeTarget "flixsterTests" */;
			buildPhases = (
				6C803BAC25014BDB0024D7AA /* Sources */,
				6C803BAD25014BDB0024D7AA /* Frameworks */,
				6C803BAE25014BDB0024D7AA /* Resources */,
			);
			buildRules = (
			);
			dependencies = (
				6C803BB225014BDB0024D7AA /* PBXTargetDependency */,
			);
			name = flixsterTests;
			productName = flixsterTests;
			productReference = 6C803BB025014BDB0024D7AA /* flixsterTests.xctest */;
			productType = "com.apple.product-type.bundle.unit-test";
		};
		6C803BBA25014BDB0024D7AA /* flixsterUITests */ = {
			isa = PBXNativeTarget;
			buildConfigurationList = 6C803BCA25014BDB0024D7AA /* Build configuration list for PBXNativeTarget "flixsterUITests" */;
			buildPhases = (
				6C803BB725014BDB0024D7AA /* Sources */,
				6C803BB825014BDB0024D7AA /* Frameworks */,
				6C803BB925014BDB0024D7AA /* Resources */,
			);
			buildRules = (
			);
			dependencies = (
				6C803BBD25014BDB0024D7AA /* PBXTargetDependency */,
			);
			name = flixsterUITests;
			productName = flixsterUITests;
			productReference = 6C803BBB25014BDB0024D7AA /* flixsterUITests.xctest */;
			productType = "com.apple.product-type.bundle.ui-testing";
		};
/* End PBXNativeTarget section */

/* Begin PBXProject section */
		6C803B9225014BD90024D7AA /* Project object */ = {
			isa = PBXProject;
			attributes = {
				LastSwiftUpdateCheck = 1170;
				LastUpgradeCheck = 1170;
				ORGANIZATIONNAME = "diegojcastro1998@gmail.com";
				TargetAttributes = {
					6C803B9925014BD90024D7AA = {
						CreatedOnToolsVersion = 11.7;
					};
					6C803BAF25014BDB0024D7AA = {
						CreatedOnToolsVersion = 11.7;
						TestTargetID = 6C803B9925014BD90024D7AA;
					};
					6C803BBA25014BDB0024D7AA = {
						CreatedOnToolsVersion = 11.7;
						TestTargetID = 6C803B9925014BD90024D7AA;
					};
				};
			};
			buildConfigurationList = 6C803B9525014BD90024D7AA /* Build configuration list for PBXProject "flixster" */;
			compatibilityVersion = "Xcode 9.3";
			developmentRegion = en;
			hasScannedForEncodings = 0;
			knownRegions = (
				en,
				Base,
			);
			mainGroup = 6C803B9125014BD90024D7AA;
			productRefGroup = 6C803B9B25014BD90024D7AA /* Products */;
			projectDirPath = "";
			projectRoot = "";
			targets = (
				6C803B9925014BD90024D7AA /* flixster */,
				6C803BAF25014BDB0024D7AA /* flixsterTests */,
				6C803BBA25014BDB0024D7AA /* flixsterUITests */,
			);
		};
/* End PBXProject section */

/* Begin PBXResourcesBuildPhase section */
		6C803B9825014BD90024D7AA /* Resources */ = {
			isa = PBXResourcesBuildPhase;
			buildActionMask = 2147483647;
			files = (
				6C803BAA25014BDB0024D7AA /* LaunchScreen.storyboard in Resources */,
				6C803BA725014BDB0024D7AA /* Assets.xcassets in Resources */,
				6C803BA525014BD90024D7AA /* Main.storyboard in Resources */,
			);
			runOnlyForDeploymentPostprocessing = 0;
		};
		6C803BAE25014BDB0024D7AA /* Resources */ = {
			isa = PBXResourcesBuildPhase;
			buildActionMask = 2147483647;
			files = (
			);
			runOnlyForDeploymentPostprocessing = 0;
		};
		6C803BB925014BDB0024D7AA /* Resources */ = {
			isa = PBXResourcesBuildPhase;
			buildActionMask = 2147483647;
			files = (
			);
			runOnlyForDeploymentPostprocessing = 0;
		};
/* End PBXResourcesBuildPhase section */

/* Begin PBXSourcesBuildPhase section */
		6C803B9625014BD90024D7AA /* Sources */ = {
			isa = PBXSourcesBuildPhase;
			buildActionMask = 2147483647;
			files = (
				6C803BA225014BD90024D7AA /* ViewController.swift in Sources */,
				6C803B9E25014BD90024D7AA /* AppDelegate.swift in Sources */,
				6C803BA025014BD90024D7AA /* SceneDelegate.swift in Sources */,
			);
			runOnlyForDeploymentPostprocessing = 0;
		};
		6C803BAC25014BDB0024D7AA /* Sources */ = {
			isa = PBXSourcesBuildPhase;
			buildActionMask = 2147483647;
			files = (
				6C803BB525014BDB0024D7AA /* flixsterTests.swift in Sources */,
			);
			runOnlyForDeploymentPostprocessing = 0;
		};
		6C803BB725014BDB0024D7AA /* Sources */ = {
			isa = PBXSourcesBuildPhase;
			buildActionMask = 2147483647;
			files = (
				6C803BC025014BDB0024D7AA /* flixsterUITests.swift in Sources */,
			);
			runOnlyForDeploymentPostprocessing = 0;
		};
/* End PBXSourcesBuildPhase section */

/* Begin PBXTargetDependency section */
		6C803BB225014BDB0024D7AA /* PBXTargetDependency */ = {
			isa = PBXTargetDependency;
			target = 6C803B9925014BD90024D7AA /* flixster */;
			targetProxy = 6C803BB125014BDB0024D7AA /* PBXContainerItemProxy */;
		};
		6C803BBD25014BDB0024D7AA /* PBXTargetDependency */ = {
			isa = PBXTargetDependency;
			target = 6C803B9925014BD90024D7AA /* flixster */;
			targetProxy = 6C803BBC25014BDB0024D7AA /* PBXContainerItemProxy */;
		};
/* End PBXTargetDependency section */

/* Begin PBXVariantGroup section */
		6C803BA325014BD90024D7AA /* Main.storyboard */ = {
			isa = PBXVariantGroup;
			children = (
				6C803BA425014BD90024D7AA /* Base */,
			);
			name = Main.storyboard;
			sourceTree = "<group>";
		};
		6C803BA825014BDB0024D7AA /* LaunchScreen.storyboard */ = {
			isa = PBXVariantGroup;
			children = (
				6C803BA925014BDB0024D7AA /* Base */,
			);
			name = LaunchScreen.storyboard;
			sourceTree = "<group>";
		};
/* End PBXVariantGroup section */

/* Begin XCBuildConfiguration section */
		6C803BC225014BDB0024D7AA /* Debug */ = {
			isa = XCBuildConfiguration;
			buildSettings = {
				ALWAYS_SEARCH_USER_PATHS = NO;
				CLANG_ANALYZER_NONNULL = YES;
				CLANG_ANALYZER_NUMBER_OBJECT_CONVERSION = YES_AGGRESSIVE;
				CLANG_CXX_LANGUAGE_STANDARD = "gnu++14";
				CLANG_CXX_LIBRARY = "libc++";
				CLANG_ENABLE_MODULES = YES;
				CLANG_ENABLE_OBJC_ARC = YES;
				CLANG_ENABLE_OBJC_WEAK = YES;
				CLANG_WARN_BLOCK_CAPTURE_AUTORELEASING = YES;
				CLANG_WARN_BOOL_CONVERSION = YES;
				CLANG_WARN_COMMA = YES;
				CLANG_WARN_CONSTANT_CONVERSION = YES;
				CLANG_WARN_DEPRECATED_OBJC_IMPLEMENTATIONS = YES;
				CLANG_WARN_DIRECT_OBJC_ISA_USAGE = YES_ERROR;
				CLANG_WARN_DOCUMENTATION_COMMENTS = YES;
				CLANG_WARN_EMPTY_BODY = YES;
				CLANG_WARN_ENUM_CONVERSION = YES;
				CLANG_WARN_INFINITE_RECURSION = YES;
				CLANG_WARN_INT_CONVERSION = YES;
				CLANG_WARN_NON_LITERAL_NULL_CONVERSION = YES;
				CLANG_WARN_OBJC_IMPLICIT_RETAIN_SELF = YES;
				CLANG_WARN_OBJC_LITERAL_CONVERSION = YES;
				CLANG_WARN_OBJC_ROOT_CLASS = YES_ERROR;
				CLANG_WARN_RANGE_LOOP_ANALYSIS = YES;
				CLANG_WARN_STRICT_PROTOTYPES = YES;
				CLANG_WARN_SUSPICIOUS_MOVE = YES;
				CLANG_WARN_UNGUARDED_AVAILABILITY = YES_AGGRESSIVE;
				CLANG_WARN_UNREACHABLE_CODE = YES;
				CLANG_WARN__DUPLICATE_METHOD_MATCH = YES;
				COPY_PHASE_STRIP = NO;
				DEBUG_INFORMATION_FORMAT = dwarf;
				ENABLE_STRICT_OBJC_MSGSEND = YES;
				ENABLE_TESTABILITY = YES;
				GCC_C_LANGUAGE_STANDARD = gnu11;
				GCC_DYNAMIC_NO_PIC = NO;
				GCC_NO_COMMON_BLOCKS = YES;
				GCC_OPTIMIZATION_LEVEL = 0;
				GCC_PREPROCESSOR_DEFINITIONS = (
					"DEBUG=1",
					"$(inherited)",
				);
				GCC_WARN_64_TO_32_BIT_CONVERSION = YES;
				GCC_WARN_ABOUT_RETURN_TYPE = YES_ERROR;
				GCC_WARN_UNDECLARED_SELECTOR = YES;
				GCC_WARN_UNINITIALIZED_AUTOS = YES_AGGRESSIVE;
				GCC_WARN_UNUSED_FUNCTION = YES;
				GCC_WARN_UNUSED_VARIABLE = YES;
				IPHONEOS_DEPLOYMENT_TARGET = 13.7;
				MTL_ENABLE_DEBUG_INFO = INCLUDE_SOURCE;
				MTL_FAST_MATH = YES;
				ONLY_ACTIVE_ARCH = YES;
				SDKROOT = iphoneos;
				SWIFT_ACTIVE_COMPILATION_CONDITIONS = DEBUG;
				SWIFT_OPTIMIZATION_LEVEL = "-Onone";
			};
			name = Debug;
		};
		6C803BC325014BDB0024D7AA /* Release */ = {
			isa = XCBuildConfiguration;
			buildSettings = {
				ALWAYS_SEARCH_USER_PATHS = NO;
				CLANG_ANALYZER_NONNULL = YES;
				CLANG_ANALYZER_NUMBER_OBJECT_CONVERSION = YES_AGGRESSIVE;
				CLANG_CXX_LANGUAGE_STANDARD = "gnu++14";
				CLANG_CXX_LIBRARY = "libc++";
				CLANG_ENABLE_MODULES = YES;
				CLANG_ENABLE_OBJC_ARC = YES;
				CLANG_ENABLE_OBJC_WEAK = YES;
				CLANG_WARN_BLOCK_CAPTURE_AUTORELEASING = YES;
				CLANG_WARN_BOOL_CONVERSION = YES;
				CLANG_WARN_COMMA = YES;
				CLANG_WARN_CONSTANT_CONVERSION = YES;
				CLANG_WARN_DEPRECATED_OBJC_IMPLEMENTATIONS = YES;
				CLANG_WARN_DIRECT_OBJC_ISA_USAGE = YES_ERROR;
				CLANG_WARN_DOCUMENTATION_COMMENTS = YES;
				CLANG_WARN_EMPTY_BODY = YES;
				CLANG_WARN_ENUM_CONVERSION = YES;
				CLANG_WARN_INFINITE_RECURSION = YES;
				CLANG_WARN_INT_CONVERSION = YES;
				CLANG_WARN_NON_LITERAL_NULL_CONVERSION = YES;
				CLANG_WARN_OBJC_IMPLICIT_RETAIN_SELF = YES;
				CLANG_WARN_OBJC_LITERAL_CONVERSION = YES;
				CLANG_WARN_OBJC_ROOT_CLASS = YES_ERROR;
				CLANG_WARN_RANGE_LOOP_ANALYSIS = YES;
				CLANG_WARN_STRICT_PROTOTYPES = YES;
				CLANG_WARN_SUSPICIOUS_MOVE = YES;
				CLANG_WARN_UNGUARDED_AVAILABILITY = YES_AGGRESSIVE;
				CLANG_WARN_UNREACHABLE_CODE = YES;
				CLANG_WARN__DUPLICATE_METHOD_MATCH = YES;
				COPY_PHASE_STRIP = NO;
				DEBUG_INFORMATION_FORMAT = "dwarf-with-dsym";
				ENABLE_NS_ASSERTIONS = NO;
				ENABLE_STRICT_OBJC_MSGSEND = YES;
				GCC_C_LANGUAGE_STANDARD = gnu11;
				GCC_NO_COMMON_BLOCKS = YES;
				GCC_WARN_64_TO_32_BIT_CONVERSION = YES;
				GCC_WARN_ABOUT_RETURN_TYPE = YES_ERROR;
				GCC_WARN_UNDECLARED_SELECTOR = YES;
				GCC_WARN_UNINITIALIZED_AUTOS = YES_AGGRESSIVE;
				GCC_WARN_UNUSED_FUNCTION = YES;
				GCC_WARN_UNUSED_VARIABLE = YES;
				IPHONEOS_DEPLOYMENT_TARGET = 13.7;
				MTL_ENABLE_DEBUG_INFO = NO;
				MTL_FAST_MATH = YES;
				SDKROOT = iphoneos;
				SWIFT_COMPILATION_MODE = wholemodule;
				SWIFT_OPTIMIZATION_LEVEL = "-O";
				VALIDATE_PRODUCT = YES;
			};
			name = Release;
		};
		6C803BC525014BDB0024D7AA /* Debug */ = {
			isa = XCBuildConfiguration;
			buildSettings = {
				ASSETCATALOG_COMPILER_APPICON_NAME = AppIcon;
				CODE_SIGN_STYLE = Automatic;
				DEVELOPMENT_TEAM = J4V27B948M;
				INFOPLIST_FILE = flixster/Info.plist;
				LD_RUNPATH_SEARCH_PATHS = (
					"$(inherited)",
					"@executable_path/Frameworks",
				);
				PRODUCT_BUNDLE_IDENTIFIER = "diegojcastro1998-gmail.com.flixster";
				PRODUCT_NAME = "$(TARGET_NAME)";
				SWIFT_VERSION = 5.0;
				TARGETED_DEVICE_FAMILY = "1,2";
			};
			name = Debug;
		};
		6C803BC625014BDB0024D7AA /* Release */ = {
			isa = XCBuildConfiguration;
			buildSettings = {
				ASSETCATALOG_COMPILER_APPICON_NAME = AppIcon;
				CODE_SIGN_STYLE = Automatic;
				DEVELOPMENT_TEAM = J4V27B948M;
				INFOPLIST_FILE = flixster/Info.plist;
				LD_RUNPATH_SEARCH_PATHS = (
					"$(inherited)",
					"@executable_path/Frameworks",
				);
				PRODUCT_BUNDLE_IDENTIFIER = "diegojcastro1998-gmail.com.flixster";
				PRODUCT_NAME = "$(TARGET_NAME)";
				SWIFT_VERSION = 5.0;
				TARGETED_DEVICE_FAMILY = "1,2";
			};
			name = Release;
		};
		6C803BC825014BDB0024D7AA /* Debug */ = {
			isa = XCBuildConfiguration;
			buildSettings = {
				ALWAYS_EMBED_SWIFT_STANDARD_LIBRARIES = YES;
				BUNDLE_LOADER = "$(TEST_HOST)";
				CODE_SIGN_STYLE = Automatic;
				DEVELOPMENT_TEAM = J4V27B948M;
				INFOPLIST_FILE = flixsterTests/Info.plist;
				IPHONEOS_DEPLOYMENT_TARGET = 13.7;
				LD_RUNPATH_SEARCH_PATHS = (
					"$(inherited)",
					"@executable_path/Frameworks",
					"@loader_path/Frameworks",
				);
				PRODUCT_BUNDLE_IDENTIFIER = "diegojcastro1998-gmail.com.flixsterTests";
				PRODUCT_NAME = "$(TARGET_NAME)";
				SWIFT_VERSION = 5.0;
				TARGETED_DEVICE_FAMILY = "1,2";
				TEST_HOST = "$(BUILT_PRODUCTS_DIR)/flixster.app/flixster";
			};
			name = Debug;
		};
		6C803BC925014BDB0024D7AA /* Release */ = {
			isa = XCBuildConfiguration;
			buildSettings = {
				ALWAYS_EMBED_SWIFT_STANDARD_LIBRARIES = YES;
				BUNDLE_LOADER = "$(TEST_HOST)";
				CODE_SIGN_STYLE = Automatic;
				DEVELOPMENT_TEAM = J4V27B948M;
				INFOPLIST_FILE = flixsterTests/Info.plist;
				IPHONEOS_DEPLOYMENT_TARGET = 13.7;
				LD_RUNPATH_SEARCH_PATHS = (
					"$(inherited)",
					"@executable_path/Frameworks",
					"@loader_path/Frameworks",
				);
				PRODUCT_BUNDLE_IDENTIFIER = "diegojcastro1998-gmail.com.flixsterTests";
				PRODUCT_NAME = "$(TARGET_NAME)";
				SWIFT_VERSION = 5.0;
				TARGETED_DEVICE_FAMILY = "1,2";
				TEST_HOST = "$(BUILT_PRODUCTS_DIR)/flixster.app/flixster";
			};
			name = Release;
		};
		6C803BCB25014BDB0024D7AA /* Debug */ = {
			isa = XCBuildConfiguration;
			buildSettings = {
				ALWAYS_EMBED_SWIFT_STANDARD_LIBRARIES = YES;
				CODE_SIGN_STYLE = Automatic;
				DEVELOPMENT_TEAM = J4V27B948M;
				INFOPLIST_FILE = flixsterUITests/Info.plist;
				LD_RUNPATH_SEARCH_PATHS = (
					"$(inherited)",
					"@executable_path/Frameworks",
					"@loader_path/Frameworks",
				);
				PRODUCT_BUNDLE_IDENTIFIER = "diegojcastro1998-gmail.com.flixsterUITests";
				PRODUCT_NAME = "$(TARGET_NAME)";
				SWIFT_VERSION = 5.0;
				TARGETED_DEVICE_FAMILY = "1,2";
				TEST_TARGET_NAME = flixster;
			};
			name = Debug;
		};
		6C803BCC25014BDB0024D7AA /* Release */ = {
			isa = XCBuildConfiguration;
			buildSettings = {
				ALWAYS_EMBED_SWIFT_STANDARD_LIBRARIES = YES;
				CODE_SIGN_STYLE = Automatic;
				DEVELOPMENT_TEAM = J4V27B948M;
				INFOPLIST_FILE = flixsterUITests/Info.plist;
				LD_RUNPATH_SEARCH_PATHS = (
					"$(inherited)",
					"@executable_path/Frameworks",
					"@loader_path/Frameworks",
				);
				PRODUCT_BUNDLE_IDENTIFIER = "diegojcastro1998-gmail.com.flixsterUITests";
				PRODUCT_NAME = "$(TARGET_NAME)";
				SWIFT_VERSION = 5.0;
				TARGETED_DEVICE_FAMILY = "1,2";
				TEST_TARGET_NAME = flixster;
			};
			name = Release;
		};
/* End XCBuildConfiguration section */

/* Begin XCConfigurationList section */
		6C803B9525014BD90024D7AA /* Build configuration list for PBXProject "flixster" */ = {
			isa = XCConfigurationList;
			buildConfigurations = (
				6C803BC225014BDB0024D7AA /* Debug */,
				6C803BC325014BDB0024D7AA /* Release */,
			);
			defaultConfigurationIsVisible = 0;
			defaultConfigurationName = Release;
		};
		6C803BC425014BDB0024D7AA /* Build configuration list for PBXNativeTarget "flixster" */ = {
			isa = XCConfigurationList;
			buildConfigurations = (
				6C803BC525014BDB0024D7AA /* Debug */,
				6C803BC625014BDB0024D7AA /* Release */,
			);
			defaultConfigurationIsVisible = 0;
			defaultConfigurationName = Release;
		};
		6C803BC725014BDB0024D7AA /* Build configuration list for PBXNativeTarget "flixsterTests" */ = {
			isa = XCConfigurationList;
			buildConfigurations = (
				6C803BC825014BDB0024D7AA /* Debug */,
				6C803BC925014BDB0024D7AA /* Release */,
			);
			defaultConfigurationIsVisible = 0;
			defaultConfigurationName = Release;
		};
		6C803BCA25014BDB0024D7AA /* Build configuration list for PBXNativeTarget "flixsterUITests" */ = {
			isa = XCConfigurationList;
			buildConfigurations = (
				6C803BCB25014BDB0024D7AA /* Debug */,
				6C803BCC25014BDB0024D7AA /* Release */,
			);
			defaultConfigurationIsVisible = 0;
			defaultConfigurationName = Release;
		};
/* End XCConfigurationList section */
	};
	rootObject = 6C803B9225014BD90024D7AA /* Project object */;
}
